annotated-doc==0.0.4
    # via fastapi
annotated-types==0.7.0
    # via pydantic
anyio==4.12.1
    # via
    #   httpx
    #   starlette
    #   watchfiles
async-timeout==5.0.1
    # via asyncpg
asyncpg==0.31.0
    # via -r /Users/lichun/tunxiang-os/services/tx-civic/requirements.txt
certifi==2026.4.22
    # via
    #   httpcore
    #   httpx
click==8.1.8
    # via uvicorn
exceptiongroup==1.3.1
    # via anyio
fastapi==0.128.8
    # via -r /Users/lichun/tunxiang-os/services/tx-civic/requirements.txt
h11==0.16.0
    # via
    #   httpcore
    #   uvicorn
httpcore==1.0.9
    # via httpx
httptools==0.7.1
    # via uvicorn
httpx==0.28.1
    # via -r /Users/lichun/tunxiang-os/services/tx-civic/requirements.txt
idna==3.13
    # via
    #   anyio
    #   httpx
prometheus-client==0.25.0
    # via prometheus-fastapi-instrumentator
prometheus-fastapi-instrumentator==7.1.0
    # via -r /Users/lichun/tunxiang-os/services/tx-civic/requirements.txt
pydantic==2.13.3
    # via
    #   -r /Users/lichun/tunxiang-os/services/tx-civic/requirements.txt
    #   fastapi
pydantic-core==2.46.3
    # via pydantic
python-dotenv==1.2.1
    # via uvicorn
pyyaml==6.0.3
    # via uvicorn
sqlalchemy==2.0.49
    # via -r /Users/lichun/tunxiang-os/services/tx-civic/requirements.txt
starlette==0.49.3
    # via
    #   fastapi
    #   prometheus-fastapi-instrumentator
structlog==25.5.0
    # via -r /Users/lichun/tunxiang-os/services/tx-civic/requirements.txt
typing-extensions==4.15.0
    # via
    #   anyio
    #   exceptiongroup
    #   fastapi
    #   pydantic
    #   pydantic-core
    #   sqlalchemy
    #   starlette
    #   structlog
    #   typing-inspection
    #   uvicorn
typing-inspection==0.4.2
    # via
    #   fastapi
    #   pydantic
uvicorn[standard]==0.39.0
    # via -r /Users/lichun/tunxiang-os/services/tx-civic/requirements.txt
uvloop==0.22.1
    # via uvicorn
watchfiles==1.1.1
    # via uvicorn
websockets==15.0.1
    # via uvicorn
